{
  "version": 4,
  "terraform_version": "0.14.3",
  "serial": 16,
  "lineage": "c2f9a144-e649-b15e-ebca-9d1de3eca168",
  "outputs": {
    "tls_private_key": {
      "value": "-----BEGIN RSA PRIVATE KEY-----\nMIIJKAIBAAKCAgEAq+8g9mEa7kWBv0ctexSQL3cj6DLjtI1KzpJC2FSZ3aPjpxCM\ne42FUFanWngCF0Nii56MMCKEYtkIK04pK1uhzfDrWUUWc73+RRAiE3JfCVTXMF6R\nLziZHjmZARLSj8ANdl1lwOKnCqqhoeOMHKjhK3QTJqj2AefDLV79KoebHHbeVFdk\nBa4rooZnIIQlZw91bIVGOYw7F8XkiSHZm4bepzZNDXsjWTAOCr+RuHyUGhi/3oCu\nTMexVVhUcSbpeKfDA2M3KKEPwe71wAPyOVzK9kRmIAec53cyXHTrr4dW3FpbnAn1\nMQzKomC6lGZA0P6VlddRjs29NeVhgAd68L8ZfP8vW2P+M1kc8GdnjTY/aYU6lPLj\nfBHZhvMfFO+JruT3hzi9L7gQAG6sxfRtmH+xz+G0RicpR7VwvZ0AZytdPiC7zOpE\noFcOlqm4n/fzw/2duuMBCcNHie8M4ieEgpmgETz1TNAb0zZwSqvG+EQSKI2RrzuG\nzggBWkL1FKaZPvzKzv7cRpbjk10CperYXfy8mugYwxkhpKtiFRJF8ZUB91jVLqad\n4/eFHmu8RUsLJ8z9rDkLnEoZTe3FLeChUayA8q5WiU8YWLDNBNrVhT58Q0BWZY3p\nTURrgH2/xhqmnVC8vmPTkR92XEFi2H1SpmR3i0gZDRiThSYNh1bh74oiinsCAwEA\nAQKCAgBENHJxCohyaSRVStkh8EBac/rMjBOEdmBsndzikH0RTYhrp8by5Gs0OYvd\n+alqrRKUrGqUVb0KsWnqM/Fk/86qMZ5LJXsIoyARKZs69633t649w+X4Q42KTfMC\nWAMrf1ZX1CkfYUo+kv3XiLr2S5A3eq52MaSVkOj+QKZRjsXbftQnxRsqnbM1n/ed\nEI792UYNrLj070op3hkQxVrbtZ7x2jqq1GRrZwLLBL+73b+qspK6o3WBg943Kvkk\ngfkwIezclSk2dt4XYsIeT/JxCvyAwRV6M0rtD33s63zrftbYRwf8WH7p3FcuHw0k\n/YNM5RFWBbqW2crrbHlHHrCIfGaRZraQRhzHM70r1TcCGrzS1vKo5+jYzrwxpFBS\n0swvdSNAn5gX/f1My9hYOc3Pxay2u/VIUSBNsiJxy0pNcb/z/C3EZno6U4YEXMDH\nQWRc3O5v/5j+I/KLLi3MVt18F9d3Mca47vCaxYYCnbz4yUv8OfiH8gzessctRK8N\nkYhojA/bPxXvcvO5foKfaZIWz7oX0KMwUUDaEPysUtib8IhaFrgGmu+6yB7THwgs\nb+OweDQVmKAB/Q66u5DHVIkVMB/0VYy81jvGc8Zg+qGxtFSCitjcPvCQNisYw5ma\nnup1mx4fSUY9wFac74CoosiWCL5Mv/ikETlZW+MUY2Y18oPIIQKCAQEAxgCY/zGb\nV7AaICTUtek08DZYmcL+1CAF5DyFARkDW9YVHjsnK4SNvhl+XwszhRhyNfd74QSP\nqmNW/xgmKtFfo3kZ1F65GXVB7xh52DOeYKw9of40vBok9HSUTMRADHYDibO5stRr\nqxH9zbNOccvAz8By3kyvb8jFMEKdFidzAlPjxdisw4HiQlFyPcqdGCxmAKJ47u/X\nwVNdsQO7TJeAmX1/kkYbZGTkzV+866mPj1wTuWvaP1CKHIGsNaCxUusoSelyLNfm\n1ZAKDXSg0g7iP4vvsPU128Mb33Wp+VD9wPmQTtbgk1tQllmeTd0ZaRzKnKD1F6li\ntIKWyD6e6FB5+QKCAQEA3kvHQF/9NP/lH6rydnYD3KDSoEh69fNSTM1/kxIO9O15\n39AzxrAXKUmGixB99KqdGRjbJcfGkqmh9PkBkVxo21ci02zbbUEuu2bwM16PwAFV\nabpmnX5YOtijhB6fkm1HLJw88AHjW7OczqQSsDeAcB4kGHzQq2x5nwg7LV1405C0\nceXbojvlHQPRdgOvqZxcvNCnvtoIIpxheu4hoevissviVUAdQna/XFrODHgP0pwL\nRGORTyJpy0gWG2kk6rejxw/bIwiRDkvNPZFL3/0Oc/JPWA01nKgCeiXP3uB6susn\njLDWsEKJ8ZpekLwQ9O5X1kAGaxb4vVH7gJIW3OylEwKCAQBhdXXZVo+Bz9psK/TP\nPWSjP/zIYmSQANslhmxpJ+ixUWS/ppoXH32tLls3aQoI3wmIarJ9BYO5eIAfu8E9\nniUXD8qY767oSwETMNb4hh/UsbL8g2VtmOjLsn40cvybpZMEOoSS81+zqn1kvHdG\nJ+ZV3AIuTUylFwuIP6GWgABqCuS4Q3h2Gv5FalVy+MHuXhwu/8nKwh9OtzwMnyuX\n/ZJ8+nrKgtuExOyh8hfJX4KcK9RBlkasl3YDpggftWLSz5DbIJ7kV7j1MZrhGKD4\nA/91C+oFDg1eiGC10vLBFw5v5+cSB04u+elmt+HlrYiOZm+MPOWmqec9tnGFSt1o\nuAPxAoIBAAqfnHobHEK4J/8HcGbw5OZaWTaHwDiY1EoPWBVzO3vBDZ4AmTjZmYHD\nncZvl1VmAfP9GBwKHBdOPAs1CzojLG+vDl8ESMhD4TPbi4co8b2/UpGm8th7/UNy\nrv3VaNLanhgnr1HZBUCQqOHHPY1mWaECD7+L130ZxgYvooRcfzW9KKJ41bI/Iofs\ncsotCuwUKOptHlcknFbrGk2Bq+HNIBxjWgGw+rT+b86+GDLIWhk6k99E0uDxSBUK\n8OOGdtkwxYbx3wshka0ZOknC89lUgqhP4DLZDsLZ1KR5wiFooPSEAHPcz6XEyErf\nkb1g/351FYWLscLUajbCAD74vFb6iDkCggEBALplHfRYlwp1JfvEGG8Aht3c+Enx\nV99NJw8ejgCGNEPHAQMffWhSpVWMRECr1861aOTaxS7ih8mEMoR5JToBQOJ3wl19\nRcgxof2sUBimsYguLFgJpEmOR1FVeBk66y09p5qX+44PrEPXMxpZVwHdT4qnNc/z\nPWw434TCDoRjHF/3ozuskPHYbBbjBaYC+gj5sovVvOyJkchJf2UYe8xAdoS6Nxb4\ne6J+pjMBdJyuaPoS0yMtvdSvNXEQxECYIOYPBchB+KJzOasNmZFDLGfOCCi7XZVy\nwIIFDh8h/6qlzjgOJhA1pmSYhkN/nUFEvtfs9pNlk/7TKhG/05xqq/mx/yY=\n-----END RSA PRIVATE KEY-----\n",
      "type": "string"
    }
  },
  "resources": [
    {
      "mode": "data",
      "type": "azurerm_dns_zone",
      "name": "terraform_demo_dns_zone",
      "provider": "provider[\"registry.terraform.io/hashicorp/azurerm\"]",
      "instances": [
        {
          "schema_version": 0,
          "attributes": {
            "id": "/subscriptions/2f98793b-7e2f-4f03-ac5b-7b2ec934dcd7/resourceGroups/acm-general/providers/Microsoft.Network/dnszones/acmuic.app",
            "max_number_of_record_sets": 10000,
            "name": "acmuic.app",
            "name_servers": [
              "ns1-01.azure-dns.com.",
              "ns2-01.azure-dns.net.",
              "ns3-01.azure-dns.org.",
              "ns4-01.azure-dns.info."
            ],
            "number_of_record_sets": 8,
            "resource_group_name": "acm-general",
            "tags": {},
            "timeouts": null
          },
          "sensitive_attributes": []
        }
      ]
    },
    {
      "mode": "data",
      "type": "azurerm_subnet",
      "name": "example",
      "provider": "provider[\"registry.terraform.io/hashicorp/azurerm\"]",
      "instances": [
        {
          "schema_version": 0,
          "attributes": {
            "address_prefix": "10.0.3.0/24",
            "address_prefixes": [
              "10.0.3.0/24"
            ],
            "enforce_private_link_endpoint_network_policies": false,
            "enforce_private_link_service_network_policies": false,
            "id": "/subscriptions/2f98793b-7e2f-4f03-ac5b-7b2ec934dcd7/resourceGroups/acm-general/providers/Microsoft.Network/virtualNetworks/acm-general-vnet/subnets/default",
            "name": "default",
            "network_security_group_id": "",
            "resource_group_name": "acm-general",
            "route_table_id": "",
            "service_endpoints": [],
            "timeouts": null,
            "virtual_network_name": "acm-general-vnet"
          },
          "sensitive_attributes": []
        }
      ]
    },
    {
      "mode": "managed",
      "type": "azurerm_dns_a_record",
      "name": "terraform_demo_dns_record",
      "provider": "provider[\"registry.terraform.io/hashicorp/azurerm\"]",
      "instances": [
        {
          "schema_version": 0,
          "attributes": {
            "fqdn": "terraformdemo.acmuic.app.",
            "id": "/subscriptions/2f98793b-7e2f-4f03-ac5b-7b2ec934dcd7/resourceGroups/acm-general/providers/Microsoft.Network/dnszones/acmuic.app/A/terraformdemo",
            "name": "terraformdemo",
            "records": null,
            "resource_group_name": "acm-general",
            "tags": null,
            "target_resource_id": "/subscriptions/2f98793b-7e2f-4f03-ac5b-7b2ec934dcd7/resourceGroups/sysadmin-demo/providers/Microsoft.Network/publicIPAddresses/demo-bastion-ip",
            "timeouts": null,
            "ttl": 300,
            "zone_name": "acmuic.app"
          },
          "sensitive_attributes": [],
          "private": "eyJlMmJmYjczMC1lY2FhLTExZTYtOGY4OC0zNDM2M2JjN2M0YzAiOnsiY3JlYXRlIjoxODAwMDAwMDAwMDAwLCJkZWxldGUiOjE4MDAwMDAwMDAwMDAsInJlYWQiOjMwMDAwMDAwMDAwMCwidXBkYXRlIjoxODAwMDAwMDAwMDAwfX0=",
          "dependencies": [
            "azurerm_public_ip.terraform_demo_public_ip",
            "data.azurerm_dns_zone.terraform_demo_dns_zone"
          ]
        }
      ]
    },
    {
      "mode": "managed",
      "type": "azurerm_linux_virtual_machine",
      "name": "terraform_demo_vm",
      "provider": "provider[\"registry.terraform.io/hashicorp/azurerm\"]",
      "instances": [
        {
          "schema_version": 0,
          "attributes": {
            "additional_capabilities": [],
            "admin_password": null,
            "admin_ssh_key": [
              {
                "public_key": "ssh-rsa AAAAB3NzaC1yc2EAAAADAQABAAACAQCr7yD2YRruRYG/Ry17FJAvdyPoMuO0jUrOkkLYVJndo+OnEIx7jYVQVqdaeAIXQ2KLnowwIoRi2QgrTikrW6HN8OtZRRZzvf5FECITcl8JVNcwXpEvOJkeOZkBEtKPwA12XWXA4qcKqqGh44wcqOErdBMmqPYB58MtXv0qh5scdt5UV2QFriuihmcghCVnD3VshUY5jDsXxeSJIdmbht6nNk0NeyNZMA4Kv5G4fJQaGL/egK5Mx7FVWFRxJul4p8MDYzcooQ/B7vXAA/I5XMr2RGYgB5zndzJcdOuvh1bcWlucCfUxDMqiYLqUZkDQ/pWV11GOzb015WGAB3rwvxl8/y9bY/4zWRzwZ2eNNj9phTqU8uN8EdmG8x8U74mu5PeHOL0vuBAAbqzF9G2Yf7HP4bRGJylHtXC9nQBnK10+ILvM6kSgVw6Wqbif9/PD/Z264wEJw0eJ7wziJ4SCmaARPPVM0BvTNnBKq8b4RBIojZGvO4bOCAFaQvUUppk+/MrO/txGluOTXQKl6thd/Lya6BjDGSGkq2IVEkXxlQH3WNUupp3j94Uea7xFSwsnzP2sOQucShlN7cUt4KFRrIDyrlaJTxhYsM0E2tWFPnxDQFZljelNRGuAfb/GGqadULy+Y9ORH3ZcQWLYfVKmZHeLSBkNGJOFJg2HVuHviiKKew==\n",
                "username": "acmadmin"
              }
            ],
            "admin_username": "acmadmin",
            "allow_extension_operations": true,
            "availability_set_id": "",
            "boot_diagnostics": [
              {
                "storage_account_uri": "https://diag2e858c5ad552df66.blob.core.windows.net/"
              }
            ],
            "computer_name": "terraformDemo",
            "custom_data": null,
            "dedicated_host_id": "",
            "disable_password_authentication": true,
            "encryption_at_host_enabled": false,
            "eviction_policy": "",
            "extensions_time_budget": "PT1H30M",
            "id": "/subscriptions/2f98793b-7e2f-4f03-ac5b-7b2ec934dcd7/resourceGroups/sysadmin-demo/providers/Microsoft.Compute/virtualMachines/sysadmin-demo-bastion",
            "identity": [],
            "location": "eastus",
            "max_bid_price": -1,
            "name": "sysadmin-demo-bastion",
            "network_interface_ids": [
              "/subscriptions/2f98793b-7e2f-4f03-ac5b-7b2ec934dcd7/resourceGroups/sysadmin-demo/providers/Microsoft.Network/networkInterfaces/sysadmin-demo-nic"
            ],
            "os_disk": [
              {
                "caching": "ReadWrite",
                "diff_disk_settings": [],
                "disk_encryption_set_id": "",
                "disk_size_gb": 30,
                "name": "sysadmin-demo-bastion-disk",
                "storage_account_type": "Standard_LRS",
                "write_accelerator_enabled": false
              }
            ],
            "plan": [],
            "priority": "Regular",
            "private_ip_address": "192.168.5.4",
            "private_ip_addresses": [
              "192.168.5.4"
            ],
            "provision_vm_agent": true,
            "proximity_placement_group_id": "",
            "public_ip_address": "40.85.167.31",
            "public_ip_addresses": [
              "40.85.167.31"
            ],
            "resource_group_name": "sysadmin-demo",
            "secret": [],
            "size": "Standard_A2_v2",
            "source_image_id": "",
            "source_image_reference": [
              {
                "offer": "UbuntuServer",
                "publisher": "Canonical",
                "sku": "18.04-LTS",
                "version": "latest"
              }
            ],
            "tags": {
              "environment": "Sysadmin Demo"
            },
            "timeouts": null,
            "virtual_machine_id": "9fceb76a-b9be-4d05-9735-6809dc3ecd76",
            "virtual_machine_scale_set_id": "",
            "zone": ""
          },
          "sensitive_attributes": [],
          "private": "eyJlMmJmYjczMC1lY2FhLTExZTYtOGY4OC0zNDM2M2JjN2M0YzAiOnsiY3JlYXRlIjoyNzAwMDAwMDAwMDAwLCJkZWxldGUiOjI3MDAwMDAwMDAwMDAsInJlYWQiOjMwMDAwMDAwMDAwMCwidXBkYXRlIjoyNzAwMDAwMDAwMDAwfX0=",
          "dependencies": [
            "azurerm_network_interface.terraform_demo_network_interface_card",
            "azurerm_public_ip.terraform_demo_public_ip",
            "azurerm_resource_group.terraform_demo_resource_group",
            "azurerm_storage_account.terraform_demo_storage_account",
            "azurerm_subnet.terraform_demo_subnet",
            "azurerm_virtual_network.terraform_demo_vnet",
            "random_id.randomId",
            "tls_private_key.terraform_demo_ssh_key"
          ]
        }
      ]
    },
    {
      "mode": "managed",
      "type": "azurerm_network_interface",
      "name": "terraform_demo_network_interface_card",
      "provider": "provider[\"registry.terraform.io/hashicorp/azurerm\"]",
      "instances": [
        {
          "schema_version": 0,
          "attributes": {
            "applied_dns_servers": [],
            "dns_servers": [],
            "enable_accelerated_networking": false,
            "enable_ip_forwarding": false,
            "id": "/subscriptions/2f98793b-7e2f-4f03-ac5b-7b2ec934dcd7/resourceGroups/sysadmin-demo/providers/Microsoft.Network/networkInterfaces/sysadmin-demo-nic",
            "internal_dns_name_label": "",
            "internal_domain_name_suffix": "inew2jbgw02edjbjnypcx0jx3b.bx.internal.cloudapp.net",
            "ip_configuration": [
              {
                "name": "sysadmin-demo-NicConfiguration",
                "primary": true,
                "private_ip_address": "192.168.5.4",
                "private_ip_address_allocation": "Dynamic",
                "private_ip_address_version": "IPv4",
                "public_ip_address_id": "/subscriptions/2f98793b-7e2f-4f03-ac5b-7b2ec934dcd7/resourceGroups/sysadmin-demo/providers/Microsoft.Network/publicIPAddresses/demo-bastion-ip",
                "subnet_id": "/subscriptions/2f98793b-7e2f-4f03-ac5b-7b2ec934dcd7/resourceGroups/sysadmin-demo/providers/Microsoft.Network/virtualNetworks/sysadmin-demo-vnet/subnets/sysadmin-demo-subnet"
              }
            ],
            "location": "eastus",
            "mac_address": "00-0D-3A-1C-39-A3",
            "name": "sysadmin-demo-nic",
            "private_ip_address": "192.168.5.4",
            "private_ip_addresses": [
              "192.168.5.4"
            ],
            "resource_group_name": "sysadmin-demo",
            "tags": {
              "environment": "Sysadmin Demo"
            },
            "timeouts": null,
            "virtual_machine_id": "/subscriptions/2f98793b-7e2f-4f03-ac5b-7b2ec934dcd7/resourceGroups/sysadmin-demo/providers/Microsoft.Compute/virtualMachines/sysadmin-demo-bastion"
          },
          "sensitive_attributes": [],
          "private": "eyJlMmJmYjczMC1lY2FhLTExZTYtOGY4OC0zNDM2M2JjN2M0YzAiOnsiY3JlYXRlIjoxODAwMDAwMDAwMDAwLCJkZWxldGUiOjE4MDAwMDAwMDAwMDAsInJlYWQiOjMwMDAwMDAwMDAwMCwidXBkYXRlIjoxODAwMDAwMDAwMDAwfX0=",
          "dependencies": [
            "azurerm_public_ip.terraform_demo_public_ip",
            "azurerm_resource_group.terraform_demo_resource_group",
            "azurerm_subnet.terraform_demo_subnet",
            "azurerm_virtual_network.terraform_demo_vnet"
          ]
        }
      ]
    },
    {
      "mode": "managed",
      "type": "azurerm_network_interface_security_group_association",
      "name": "terraform_demo_sg_nic_link",
      "provider": "provider[\"registry.terraform.io/hashicorp/azurerm\"]",
      "instances": [
        {
          "schema_version": 0,
          "attributes": {
            "id": "/subscriptions/2f98793b-7e2f-4f03-ac5b-7b2ec934dcd7/resourceGroups/sysadmin-demo/providers/Microsoft.Network/networkInterfaces/sysadmin-demo-nic|/subscriptions/2f98793b-7e2f-4f03-ac5b-7b2ec934dcd7/resourceGroups/sysadmin-demo/providers/Microsoft.Network/networkSecurityGroups/sysadmin-demo-nsg",
            "network_interface_id": "/subscriptions/2f98793b-7e2f-4f03-ac5b-7b2ec934dcd7/resourceGroups/sysadmin-demo/providers/Microsoft.Network/networkInterfaces/sysadmin-demo-nic",
            "network_security_group_id": "/subscriptions/2f98793b-7e2f-4f03-ac5b-7b2ec934dcd7/resourceGroups/sysadmin-demo/providers/Microsoft.Network/networkSecurityGroups/sysadmin-demo-nsg",
            "timeouts": null
          },
          "sensitive_attributes": [],
          "private": "eyJlMmJmYjczMC1lY2FhLTExZTYtOGY4OC0zNDM2M2JjN2M0YzAiOnsiY3JlYXRlIjoxODAwMDAwMDAwMDAwLCJkZWxldGUiOjE4MDAwMDAwMDAwMDAsInJlYWQiOjMwMDAwMDAwMDAwMCwidXBkYXRlIjoxODAwMDAwMDAwMDAwfX0=",
          "dependencies": [
            "azurerm_network_interface.terraform_demo_network_interface_card",
            "azurerm_network_security_group.terraform_demo_network_security_group",
            "azurerm_public_ip.terraform_demo_public_ip",
            "azurerm_resource_group.terraform_demo_resource_group",
            "azurerm_subnet.terraform_demo_subnet",
            "azurerm_virtual_network.terraform_demo_vnet"
          ]
        }
      ]
    },
    {
      "mode": "managed",
      "type": "azurerm_network_security_group",
      "name": "terraform_demo_network_security_group",
      "provider": "provider[\"registry.terraform.io/hashicorp/azurerm\"]",
      "instances": [
        {
          "schema_version": 0,
          "attributes": {
            "id": "/subscriptions/2f98793b-7e2f-4f03-ac5b-7b2ec934dcd7/resourceGroups/sysadmin-demo/providers/Microsoft.Network/networkSecurityGroups/sysadmin-demo-nsg",
            "location": "eastus",
            "name": "sysadmin-demo-nsg",
            "resource_group_name": "sysadmin-demo",
            "security_rule": [
              {
                "access": "Allow",
                "description": "",
                "destination_address_prefix": "*",
                "destination_address_prefixes": [],
                "destination_application_security_group_ids": [],
                "destination_port_range": "22",
                "destination_port_ranges": [],
                "direction": "Inbound",
                "name": "SSH",
                "priority": 1001,
                "protocol": "Tcp",
                "source_address_prefix": "*",
                "source_address_prefixes": [],
                "source_application_security_group_ids": [],
                "source_port_range": "*",
                "source_port_ranges": []
              }
            ],
            "tags": {
              "environment": "Sysadmin Demo"
            },
            "timeouts": null
          },
          "sensitive_attributes": [],
          "private": "eyJlMmJmYjczMC1lY2FhLTExZTYtOGY4OC0zNDM2M2JjN2M0YzAiOnsiY3JlYXRlIjoxODAwMDAwMDAwMDAwLCJkZWxldGUiOjE4MDAwMDAwMDAwMDAsInJlYWQiOjMwMDAwMDAwMDAwMCwidXBkYXRlIjoxODAwMDAwMDAwMDAwfX0=",
          "dependencies": [
            "azurerm_resource_group.terraform_demo_resource_group"
          ]
        }
      ]
    },
    {
      "mode": "managed",
      "type": "azurerm_public_ip",
      "name": "terraform_demo_public_ip",
      "provider": "provider[\"registry.terraform.io/hashicorp/azurerm\"]",
      "instances": [
        {
          "schema_version": 0,
          "attributes": {
            "allocation_method": "Dynamic",
            "domain_name_label": null,
            "fqdn": null,
            "id": "/subscriptions/2f98793b-7e2f-4f03-ac5b-7b2ec934dcd7/resourceGroups/sysadmin-demo/providers/Microsoft.Network/publicIPAddresses/demo-bastion-ip",
            "idle_timeout_in_minutes": 4,
            "ip_address": "40.85.167.31",
            "ip_version": "IPv4",
            "location": "eastus",
            "name": "demo-bastion-ip",
            "public_ip_prefix_id": null,
            "resource_group_name": "sysadmin-demo",
            "reverse_fqdn": null,
            "sku": "Basic",
            "tags": {
              "environment": "Sysadmin Demo"
            },
            "timeouts": null,
            "zones": []
          },
          "sensitive_attributes": [],
          "private": "eyJlMmJmYjczMC1lY2FhLTExZTYtOGY4OC0zNDM2M2JjN2M0YzAiOnsiY3JlYXRlIjoxODAwMDAwMDAwMDAwLCJkZWxldGUiOjE4MDAwMDAwMDAwMDAsInJlYWQiOjMwMDAwMDAwMDAwMCwidXBkYXRlIjoxODAwMDAwMDAwMDAwfX0=",
          "dependencies": [
            "azurerm_resource_group.terraform_demo_resource_group"
          ]
        }
      ]
    },
    {
      "mode": "managed",
      "type": "azurerm_resource_group",
      "name": "terraform_demo_resource_group",
      "provider": "provider[\"registry.terraform.io/hashicorp/azurerm\"]",
      "instances": [
        {
          "schema_version": 0,
          "attributes": {
            "id": "/subscriptions/2f98793b-7e2f-4f03-ac5b-7b2ec934dcd7/resourceGroups/sysadmin-demo",
            "location": "eastus",
            "name": "sysadmin-demo",
            "tags": {
              "environment": "Sysadmin Demo"
            },
            "timeouts": null
          },
          "sensitive_attributes": [],
          "private": "eyJlMmJmYjczMC1lY2FhLTExZTYtOGY4OC0zNDM2M2JjN2M0YzAiOnsiY3JlYXRlIjo1NDAwMDAwMDAwMDAwLCJkZWxldGUiOjU0MDAwMDAwMDAwMDAsInJlYWQiOjMwMDAwMDAwMDAwMCwidXBkYXRlIjo1NDAwMDAwMDAwMDAwfX0="
        }
      ]
    },
    {
      "mode": "managed",
      "type": "azurerm_storage_account",
      "name": "terraform_demo_storage_account",
      "provider": "provider[\"registry.terraform.io/hashicorp/azurerm\"]",
      "instances": [
        {
          "schema_version": 2,
          "attributes": {
            "access_tier": "Hot",
            "account_kind": "StorageV2",
            "account_replication_type": "LRS",
            "account_tier": "Standard",
            "allow_blob_public_access": false,
            "blob_properties": [],
            "custom_domain": [],
            "enable_https_traffic_only": true,
            "id": "/subscriptions/2f98793b-7e2f-4f03-ac5b-7b2ec934dcd7/resourceGroups/sysadmin-demo/providers/Microsoft.Storage/storageAccounts/diag2e858c5ad552df66",
            "identity": [],
            "is_hns_enabled": false,
            "large_file_share_enabled": null,
            "location": "eastus",
            "min_tls_version": "TLS1_0",
            "name": "diag2e858c5ad552df66",
            "network_rules": [
              {
                "bypass": [
                  "AzureServices"
                ],
                "default_action": "Allow",
                "ip_rules": [],
                "virtual_network_subnet_ids": []
              }
            ],
            "primary_access_key": "ajib4Dcgf4luNom3q5JbFB27JQW5SyyCRy8vcmrhPQFZjeVnsiDfHAid7Oc8UM90A94B8BeCqgXcIf2O4P46Lw==",
            "primary_blob_connection_string": "DefaultEndpointsProtocol=https;BlobEndpoint=https://diag2e858c5ad552df66.blob.core.windows.net/;AccountName=diag2e858c5ad552df66;AccountKey=ajib4Dcgf4luNom3q5JbFB27JQW5SyyCRy8vcmrhPQFZjeVnsiDfHAid7Oc8UM90A94B8BeCqgXcIf2O4P46Lw==",
            "primary_blob_endpoint": "https://diag2e858c5ad552df66.blob.core.windows.net/",
            "primary_blob_host": "diag2e858c5ad552df66.blob.core.windows.net",
            "primary_connection_string": "DefaultEndpointsProtocol=https;AccountName=diag2e858c5ad552df66;AccountKey=ajib4Dcgf4luNom3q5JbFB27JQW5SyyCRy8vcmrhPQFZjeVnsiDfHAid7Oc8UM90A94B8BeCqgXcIf2O4P46Lw==;EndpointSuffix=core.windows.net",
            "primary_dfs_endpoint": "https://diag2e858c5ad552df66.dfs.core.windows.net/",
            "primary_dfs_host": "diag2e858c5ad552df66.dfs.core.windows.net",
            "primary_file_endpoint": "https://diag2e858c5ad552df66.file.core.windows.net/",
            "primary_file_host": "diag2e858c5ad552df66.file.core.windows.net",
            "primary_location": "eastus",
            "primary_queue_endpoint": "https://diag2e858c5ad552df66.queue.core.windows.net/",
            "primary_queue_host": "diag2e858c5ad552df66.queue.core.windows.net",
            "primary_table_endpoint": "https://diag2e858c5ad552df66.table.core.windows.net/",
            "primary_table_host": "diag2e858c5ad552df66.table.core.windows.net",
            "primary_web_endpoint": "https://diag2e858c5ad552df66.z13.web.core.windows.net/",
            "primary_web_host": "diag2e858c5ad552df66.z13.web.core.windows.net",
            "queue_properties": [
              {
                "cors_rule": [],
                "hour_metrics": [
                  {
                    "enabled": true,
                    "include_apis": true,
                    "retention_policy_days": 7,
                    "version": "1.0"
                  }
                ],
                "logging": [
                  {
                    "delete": false,
                    "read": false,
                    "retention_policy_days": 0,
                    "version": "1.0",
                    "write": false
                  }
                ],
                "minute_metrics": [
                  {
                    "enabled": false,
                    "include_apis": false,
                    "retention_policy_days": 0,
                    "version": "1.0"
                  }
                ]
              }
            ],
            "resource_group_name": "sysadmin-demo",
            "secondary_access_key": "uiVTZVf7pAniQbW6c+0HvDI0T7BGQk0n9F0k/ki0ngDTUs75Zfnqv/9hmYoRn3Iou6XMkv2UgaXO7AGzaJSW1Q==",
            "secondary_blob_connection_string": "",
            "secondary_blob_endpoint": null,
            "secondary_blob_host": null,
            "secondary_connection_string": "DefaultEndpointsProtocol=https;AccountName=diag2e858c5ad552df66;AccountKey=uiVTZVf7pAniQbW6c+0HvDI0T7BGQk0n9F0k/ki0ngDTUs75Zfnqv/9hmYoRn3Iou6XMkv2UgaXO7AGzaJSW1Q==;EndpointSuffix=core.windows.net",
            "secondary_dfs_endpoint": null,
            "secondary_dfs_host": null,
            "secondary_file_endpoint": null,
            "secondary_file_host": null,
            "secondary_location": "",
            "secondary_queue_endpoint": null,
            "secondary_queue_host": null,
            "secondary_table_endpoint": null,
            "secondary_table_host": null,
            "secondary_web_endpoint": null,
            "secondary_web_host": null,
            "static_website": [],
            "tags": {
              "environment": "Sysadmin Demo"
            },
            "timeouts": null
          },
          "sensitive_attributes": [],
          "private": "eyJlMmJmYjczMC1lY2FhLTExZTYtOGY4OC0zNDM2M2JjN2M0YzAiOnsiY3JlYXRlIjozNjAwMDAwMDAwMDAwLCJkZWxldGUiOjM2MDAwMDAwMDAwMDAsInJlYWQiOjMwMDAwMDAwMDAwMCwidXBkYXRlIjozNjAwMDAwMDAwMDAwfSwic2NoZW1hX3ZlcnNpb24iOiIyIn0=",
          "dependencies": [
            "azurerm_resource_group.terraform_demo_resource_group",
            "random_id.randomId"
          ]
        }
      ]
    },
    {
      "mode": "managed",
      "type": "azurerm_subnet",
      "name": "terraform_demo_subnet",
      "provider": "provider[\"registry.terraform.io/hashicorp/azurerm\"]",
      "instances": [
        {
          "schema_version": 0,
          "attributes": {
            "address_prefix": "192.168.5.0/24",
            "address_prefixes": [
              "192.168.5.0/24"
            ],
            "delegation": [],
            "enforce_private_link_endpoint_network_policies": false,
            "enforce_private_link_service_network_policies": false,
            "id": "/subscriptions/2f98793b-7e2f-4f03-ac5b-7b2ec934dcd7/resourceGroups/sysadmin-demo/providers/Microsoft.Network/virtualNetworks/sysadmin-demo-vnet/subnets/sysadmin-demo-subnet",
            "name": "sysadmin-demo-subnet",
            "resource_group_name": "sysadmin-demo",
            "service_endpoint_policy_ids": [],
            "service_endpoints": [],
            "timeouts": null,
            "virtual_network_name": "sysadmin-demo-vnet"
          },
          "sensitive_attributes": [],
          "private": "eyJlMmJmYjczMC1lY2FhLTExZTYtOGY4OC0zNDM2M2JjN2M0YzAiOnsiY3JlYXRlIjoxODAwMDAwMDAwMDAwLCJkZWxldGUiOjE4MDAwMDAwMDAwMDAsInJlYWQiOjMwMDAwMDAwMDAwMCwidXBkYXRlIjoxODAwMDAwMDAwMDAwfX0=",
          "dependencies": [
            "azurerm_resource_group.terraform_demo_resource_group",
            "azurerm_virtual_network.terraform_demo_vnet"
          ]
        }
      ]
    },
    {
      "mode": "managed",
      "type": "azurerm_virtual_network",
      "name": "terraform_demo_vnet",
      "provider": "provider[\"registry.terraform.io/hashicorp/azurerm\"]",
      "instances": [
        {
          "schema_version": 0,
          "attributes": {
            "address_space": [
              "192.168.5.0/24"
            ],
            "bgp_community": "",
            "ddos_protection_plan": [],
            "dns_servers": [],
            "guid": "246e4943-b626-41b8-a429-6e1e2be937e9",
            "id": "/subscriptions/2f98793b-7e2f-4f03-ac5b-7b2ec934dcd7/resourceGroups/sysadmin-demo/providers/Microsoft.Network/virtualNetworks/sysadmin-demo-vnet",
            "location": "eastus",
            "name": "sysadmin-demo-vnet",
            "resource_group_name": "sysadmin-demo",
            "subnet": [
              {
                "address_prefix": "192.168.5.0/24",
                "id": "/subscriptions/2f98793b-7e2f-4f03-ac5b-7b2ec934dcd7/resourceGroups/sysadmin-demo/providers/Microsoft.Network/virtualNetworks/sysadmin-demo-vnet/subnets/sysadmin-demo-subnet",
                "name": "sysadmin-demo-subnet",
                "security_group": ""
              }
            ],
            "tags": {
              "environment": "Sysadmin Demo"
            },
            "timeouts": null,
            "vm_protection_enabled": false
          },
          "sensitive_attributes": [],
          "private": "eyJlMmJmYjczMC1lY2FhLTExZTYtOGY4OC0zNDM2M2JjN2M0YzAiOnsiY3JlYXRlIjoxODAwMDAwMDAwMDAwLCJkZWxldGUiOjE4MDAwMDAwMDAwMDAsInJlYWQiOjMwMDAwMDAwMDAwMCwidXBkYXRlIjoxODAwMDAwMDAwMDAwfX0=",
          "dependencies": [
            "azurerm_resource_group.terraform_demo_resource_group"
          ]
        }
      ]
    },
    {
      "mode": "managed",
      "type": "random_id",
      "name": "randomId",
      "provider": "provider[\"registry.terraform.io/hashicorp/random\"]",
      "instances": [
        {
          "schema_version": 0,
          "attributes": {
            "b64_std": "LoWMWtVS32Y=",
            "b64_url": "LoWMWtVS32Y",
            "byte_length": 8,
            "dec": "3352239819401125734",
            "hex": "2e858c5ad552df66",
            "id": "LoWMWtVS32Y",
            "keepers": {
              "resource_group": "sysadmin-demo"
            },
            "prefix": null
          },
          "sensitive_attributes": [],
          "private": "bnVsbA==",
          "dependencies": [
            "azurerm_resource_group.terraform_demo_resource_group"
          ]
        }
      ]
    },
    {
      "mode": "managed",
      "type": "tls_private_key",
      "name": "terraform_demo_ssh_key",
      "provider": "provider[\"registry.terraform.io/hashicorp/tls\"]",
      "instances": [
        {
          "schema_version": 0,
          "attributes": {
            "algorithm": "RSA",
            "ecdsa_curve": "P224",
            "id": "319e7c0723bb6bc6fa3f0f9d82738866065b32b6",
            "private_key_pem": "-----BEGIN RSA PRIVATE KEY-----\nMIIJKAIBAAKCAgEAq+8g9mEa7kWBv0ctexSQL3cj6DLjtI1KzpJC2FSZ3aPjpxCM\ne42FUFanWngCF0Nii56MMCKEYtkIK04pK1uhzfDrWUUWc73+RRAiE3JfCVTXMF6R\nLziZHjmZARLSj8ANdl1lwOKnCqqhoeOMHKjhK3QTJqj2AefDLV79KoebHHbeVFdk\nBa4rooZnIIQlZw91bIVGOYw7F8XkiSHZm4bepzZNDXsjWTAOCr+RuHyUGhi/3oCu\nTMexVVhUcSbpeKfDA2M3KKEPwe71wAPyOVzK9kRmIAec53cyXHTrr4dW3FpbnAn1\nMQzKomC6lGZA0P6VlddRjs29NeVhgAd68L8ZfP8vW2P+M1kc8GdnjTY/aYU6lPLj\nfBHZhvMfFO+JruT3hzi9L7gQAG6sxfRtmH+xz+G0RicpR7VwvZ0AZytdPiC7zOpE\noFcOlqm4n/fzw/2duuMBCcNHie8M4ieEgpmgETz1TNAb0zZwSqvG+EQSKI2RrzuG\nzggBWkL1FKaZPvzKzv7cRpbjk10CperYXfy8mugYwxkhpKtiFRJF8ZUB91jVLqad\n4/eFHmu8RUsLJ8z9rDkLnEoZTe3FLeChUayA8q5WiU8YWLDNBNrVhT58Q0BWZY3p\nTURrgH2/xhqmnVC8vmPTkR92XEFi2H1SpmR3i0gZDRiThSYNh1bh74oiinsCAwEA\nAQKCAgBENHJxCohyaSRVStkh8EBac/rMjBOEdmBsndzikH0RTYhrp8by5Gs0OYvd\n+alqrRKUrGqUVb0KsWnqM/Fk/86qMZ5LJXsIoyARKZs69633t649w+X4Q42KTfMC\nWAMrf1ZX1CkfYUo+kv3XiLr2S5A3eq52MaSVkOj+QKZRjsXbftQnxRsqnbM1n/ed\nEI792UYNrLj070op3hkQxVrbtZ7x2jqq1GRrZwLLBL+73b+qspK6o3WBg943Kvkk\ngfkwIezclSk2dt4XYsIeT/JxCvyAwRV6M0rtD33s63zrftbYRwf8WH7p3FcuHw0k\n/YNM5RFWBbqW2crrbHlHHrCIfGaRZraQRhzHM70r1TcCGrzS1vKo5+jYzrwxpFBS\n0swvdSNAn5gX/f1My9hYOc3Pxay2u/VIUSBNsiJxy0pNcb/z/C3EZno6U4YEXMDH\nQWRc3O5v/5j+I/KLLi3MVt18F9d3Mca47vCaxYYCnbz4yUv8OfiH8gzessctRK8N\nkYhojA/bPxXvcvO5foKfaZIWz7oX0KMwUUDaEPysUtib8IhaFrgGmu+6yB7THwgs\nb+OweDQVmKAB/Q66u5DHVIkVMB/0VYy81jvGc8Zg+qGxtFSCitjcPvCQNisYw5ma\nnup1mx4fSUY9wFac74CoosiWCL5Mv/ikETlZW+MUY2Y18oPIIQKCAQEAxgCY/zGb\nV7AaICTUtek08DZYmcL+1CAF5DyFARkDW9YVHjsnK4SNvhl+XwszhRhyNfd74QSP\nqmNW/xgmKtFfo3kZ1F65GXVB7xh52DOeYKw9of40vBok9HSUTMRADHYDibO5stRr\nqxH9zbNOccvAz8By3kyvb8jFMEKdFidzAlPjxdisw4HiQlFyPcqdGCxmAKJ47u/X\nwVNdsQO7TJeAmX1/kkYbZGTkzV+866mPj1wTuWvaP1CKHIGsNaCxUusoSelyLNfm\n1ZAKDXSg0g7iP4vvsPU128Mb33Wp+VD9wPmQTtbgk1tQllmeTd0ZaRzKnKD1F6li\ntIKWyD6e6FB5+QKCAQEA3kvHQF/9NP/lH6rydnYD3KDSoEh69fNSTM1/kxIO9O15\n39AzxrAXKUmGixB99KqdGRjbJcfGkqmh9PkBkVxo21ci02zbbUEuu2bwM16PwAFV\nabpmnX5YOtijhB6fkm1HLJw88AHjW7OczqQSsDeAcB4kGHzQq2x5nwg7LV1405C0\nceXbojvlHQPRdgOvqZxcvNCnvtoIIpxheu4hoevissviVUAdQna/XFrODHgP0pwL\nRGORTyJpy0gWG2kk6rejxw/bIwiRDkvNPZFL3/0Oc/JPWA01nKgCeiXP3uB6susn\njLDWsEKJ8ZpekLwQ9O5X1kAGaxb4vVH7gJIW3OylEwKCAQBhdXXZVo+Bz9psK/TP\nPWSjP/zIYmSQANslhmxpJ+ixUWS/ppoXH32tLls3aQoI3wmIarJ9BYO5eIAfu8E9\nniUXD8qY767oSwETMNb4hh/UsbL8g2VtmOjLsn40cvybpZMEOoSS81+zqn1kvHdG\nJ+ZV3AIuTUylFwuIP6GWgABqCuS4Q3h2Gv5FalVy+MHuXhwu/8nKwh9OtzwMnyuX\n/ZJ8+nrKgtuExOyh8hfJX4KcK9RBlkasl3YDpggftWLSz5DbIJ7kV7j1MZrhGKD4\nA/91C+oFDg1eiGC10vLBFw5v5+cSB04u+elmt+HlrYiOZm+MPOWmqec9tnGFSt1o\nuAPxAoIBAAqfnHobHEK4J/8HcGbw5OZaWTaHwDiY1EoPWBVzO3vBDZ4AmTjZmYHD\nncZvl1VmAfP9GBwKHBdOPAs1CzojLG+vDl8ESMhD4TPbi4co8b2/UpGm8th7/UNy\nrv3VaNLanhgnr1HZBUCQqOHHPY1mWaECD7+L130ZxgYvooRcfzW9KKJ41bI/Iofs\ncsotCuwUKOptHlcknFbrGk2Bq+HNIBxjWgGw+rT+b86+GDLIWhk6k99E0uDxSBUK\n8OOGdtkwxYbx3wshka0ZOknC89lUgqhP4DLZDsLZ1KR5wiFooPSEAHPcz6XEyErf\nkb1g/351FYWLscLUajbCAD74vFb6iDkCggEBALplHfRYlwp1JfvEGG8Aht3c+Enx\nV99NJw8ejgCGNEPHAQMffWhSpVWMRECr1861aOTaxS7ih8mEMoR5JToBQOJ3wl19\nRcgxof2sUBimsYguLFgJpEmOR1FVeBk66y09p5qX+44PrEPXMxpZVwHdT4qnNc/z\nPWw434TCDoRjHF/3ozuskPHYbBbjBaYC+gj5sovVvOyJkchJf2UYe8xAdoS6Nxb4\ne6J+pjMBdJyuaPoS0yMtvdSvNXEQxECYIOYPBchB+KJzOasNmZFDLGfOCCi7XZVy\nwIIFDh8h/6qlzjgOJhA1pmSYhkN/nUFEvtfs9pNlk/7TKhG/05xqq/mx/yY=\n-----END RSA PRIVATE KEY-----\n",
            "public_key_fingerprint_md5": "d8:ec:45:96:50:f3:88:f0:93:1c:6e:7e:2c:0b:94:62",
            "public_key_openssh": "ssh-rsa AAAAB3NzaC1yc2EAAAADAQABAAACAQCr7yD2YRruRYG/Ry17FJAvdyPoMuO0jUrOkkLYVJndo+OnEIx7jYVQVqdaeAIXQ2KLnowwIoRi2QgrTikrW6HN8OtZRRZzvf5FECITcl8JVNcwXpEvOJkeOZkBEtKPwA12XWXA4qcKqqGh44wcqOErdBMmqPYB58MtXv0qh5scdt5UV2QFriuihmcghCVnD3VshUY5jDsXxeSJIdmbht6nNk0NeyNZMA4Kv5G4fJQaGL/egK5Mx7FVWFRxJul4p8MDYzcooQ/B7vXAA/I5XMr2RGYgB5zndzJcdOuvh1bcWlucCfUxDMqiYLqUZkDQ/pWV11GOzb015WGAB3rwvxl8/y9bY/4zWRzwZ2eNNj9phTqU8uN8EdmG8x8U74mu5PeHOL0vuBAAbqzF9G2Yf7HP4bRGJylHtXC9nQBnK10+ILvM6kSgVw6Wqbif9/PD/Z264wEJw0eJ7wziJ4SCmaARPPVM0BvTNnBKq8b4RBIojZGvO4bOCAFaQvUUppk+/MrO/txGluOTXQKl6thd/Lya6BjDGSGkq2IVEkXxlQH3WNUupp3j94Uea7xFSwsnzP2sOQucShlN7cUt4KFRrIDyrlaJTxhYsM0E2tWFPnxDQFZljelNRGuAfb/GGqadULy+Y9ORH3ZcQWLYfVKmZHeLSBkNGJOFJg2HVuHviiKKew==\n",
            "public_key_pem": "-----BEGIN PUBLIC KEY-----\nMIICIjANBgkqhkiG9w0BAQEFAAOCAg8AMIICCgKCAgEAq+8g9mEa7kWBv0ctexSQ\nL3cj6DLjtI1KzpJC2FSZ3aPjpxCMe42FUFanWngCF0Nii56MMCKEYtkIK04pK1uh\nzfDrWUUWc73+RRAiE3JfCVTXMF6RLziZHjmZARLSj8ANdl1lwOKnCqqhoeOMHKjh\nK3QTJqj2AefDLV79KoebHHbeVFdkBa4rooZnIIQlZw91bIVGOYw7F8XkiSHZm4be\npzZNDXsjWTAOCr+RuHyUGhi/3oCuTMexVVhUcSbpeKfDA2M3KKEPwe71wAPyOVzK\n9kRmIAec53cyXHTrr4dW3FpbnAn1MQzKomC6lGZA0P6VlddRjs29NeVhgAd68L8Z\nfP8vW2P+M1kc8GdnjTY/aYU6lPLjfBHZhvMfFO+JruT3hzi9L7gQAG6sxfRtmH+x\nz+G0RicpR7VwvZ0AZytdPiC7zOpEoFcOlqm4n/fzw/2duuMBCcNHie8M4ieEgpmg\nETz1TNAb0zZwSqvG+EQSKI2RrzuGzggBWkL1FKaZPvzKzv7cRpbjk10CperYXfy8\nmugYwxkhpKtiFRJF8ZUB91jVLqad4/eFHmu8RUsLJ8z9rDkLnEoZTe3FLeChUayA\n8q5WiU8YWLDNBNrVhT58Q0BWZY3pTURrgH2/xhqmnVC8vmPTkR92XEFi2H1SpmR3\ni0gZDRiThSYNh1bh74oiinsCAwEAAQ==\n-----END PUBLIC KEY-----\n",
            "rsa_bits": 4096
          },
          "sensitive_attributes": [],
          "private": "bnVsbA=="
        }
      ]
    }
  ]
}
